// !$*UTF8*$!
{
	archiveVersion = 1;
	classes = {
	};
	objectVersion = 46;
	objects = {

/* Begin PBXBuildFile section */
		0411A8DC1C5A606400095F32 /* OverviewViewController.swift in Sources */ = {isa = PBXBuildFile; fileRef = 0411A8DB1C5A606400095F32 /* OverviewViewController.swift */; };
		043680161C571221001F52B5 /* MovieCell.swift in Sources */ = {isa = PBXBuildFile; fileRef = 043680151C571221001F52B5 /* MovieCell.swift */; };
		04F230CC1C55E9100046D859 /* AppDelegate.swift in Sources */ = {isa = PBXBuildFile; fileRef = 04F230CB1C55E9100046D859 /* AppDelegate.swift */; };
		04F230D11C55E9100046D859 /* Main.storyboard in Resources */ = {isa = PBXBuildFile; fileRef = 04F230CF1C55E9100046D859 /* Main.storyboard */; };
		04F230D31C55E9100046D859 /* Assets.xcassets in Resources */ = {isa = PBXBuildFile; fileRef = 04F230D21C55E9100046D859 /* Assets.xcassets */; };
		04F230D61C55E9100046D859 /* LaunchScreen.storyboard in Resources */ = {isa = PBXBuildFile; fileRef = 04F230D41C55E9100046D859 /* LaunchScreen.storyboard */; };
		04F230DE1C55EA4D0046D859 /* MoviesViewController.swift in Sources */ = {isa = PBXBuildFile; fileRef = 04F230DD1C55EA4D0046D859 /* MoviesViewController.swift */; };
		F308F9369E9090218CCB5DEE /* Pods_MovieViewer.framework in Frameworks */ = {isa = PBXBuildFile; fileRef = 024AD25C81B01C1E310CA5BC /* Pods_MovieViewer.framework */; };
/* End PBXBuildFile section */

/* Begin PBXFileReference section */
		024AD25C81B01C1E310CA5BC /* Pods_MovieViewer.framework */ = {isa = PBXFileReference; explicitFileType = wrapper.framework; includeInIndex = 0; path = Pods_MovieViewer.framework; sourceTree = BUILT_PRODUCTS_DIR; };
		0411A8DB1C5A606400095F32 /* OverviewViewController.swift */ = {isa = PBXFileReference; fileEncoding = 4; lastKnownFileType = sourcecode.swift; path = OverviewViewController.swift; sourceTree = "<group>"; };
		043680151C571221001F52B5 /* MovieCell.swift */ = {isa = PBXFileReference; fileEncoding = 4; lastKnownFileType = sourcecode.swift; path = MovieCell.swift; sourceTree = "<group>"; };
		04F230C81C55E9100046D859 /* MovieViewer.app */ = {isa = PBXFileReference; explicitFileType = wrapper.application; includeInIndex = 0; path = MovieViewer.app; sourceTree = BUILT_PRODUCTS_DIR; };
		04F230CB1C55E9100046D859 /* AppDelegate.swift */ = {isa = PBXFileReference; lastKnownFileType = sourcecode.swift; path = AppDelegate.swift; sourceTree = "<group>"; };
		04F230D01C55E9100046D859 /* Base */ = {isa = PBXFileReference; lastKnownFileType = file.storyboard; name = Base; path = Base.lproj/Main.storyboard; sourceTree = "<group>"; };
		04F230D21C55E9100046D859 /* Assets.xcassets */ = {isa = PBXFileReference; lastKnownFileType = folder.assetcatalog; path = Assets.xcassets; sourceTree = "<group>"; };
		04F230D51C55E9100046D859 /* Base */ = {isa = PBXFileReference; lastKnownFileType = file.storyboard; name = Base; path = Base.lproj/LaunchScreen.storyboard; sourceTree = "<group>"; };
		04F230D71C55E9100046D859 /* Info.plist */ = {isa = PBXFileReference; lastKnownFileType = text.plist.xml; path = Info.plist; sourceTree = "<group>"; };
		04F230DD1C55EA4D0046D859 /* MoviesViewController.swift */ = {isa = PBXFileReference; fileEncoding = 4; lastKnownFileType = sourcecode.swift; path = MoviesViewController.swift; sourceTree = "<group>"; };
		A3484C501A00491BE75E01A6 /* Pods-MovieViewer.release.xcconfig */ = {isa = PBXFileReference; includeInIndex = 1; lastKnownFileType = text.xcconfig; name = "Pods-MovieViewer.release.xcconfig"; path = "Pods/Target Support Files/Pods-MovieViewer/Pods-MovieViewer.release.xcconfig"; sourceTree = "<group>"; };
		E5B8393707A6F4CFC256C964 /* Pods-MovieViewer.debug.xcconfig */ = {isa = PBXFileReference; includeInIndex = 1; lastKnownFileType = text.xcconfig; name = "Pods-MovieViewer.debug.xcconfig"; path = "Pods/Target Support Files/Pods-MovieViewer/Pods-MovieViewer.debug.xcconfig"; sourceTree = "<group>"; };
/* End PBXFileReference section */

/* Begin PBXFrameworksBuildPhase section */
		04F230C51C55E90F0046D859 /* Frameworks */ = {
			isa = PBXFrameworksBuildPhase;
			buildActionMask = 2147483647;
			files = (
				F308F9369E9090218CCB5DEE /* Pods_MovieViewer.framework in Frameworks */,
			);
			runOnlyForDeploymentPostprocessing = 0;
		};
/* End PBXFrameworksBuildPhase section */

/* Begin PBXGroup section */
		043680141C5711CD001F52B5 /* Views */ = {
			isa = PBXGroup;
			children = (
				043680151C571221001F52B5 /* MovieCell.swift */,
			);
			name = Views;
			sourceTree = "<group>";
		};
		043680171C571260001F52B5 /* View Controllers */ = {
			isa = PBXGroup;
			children = (
				04F230DD1C55EA4D0046D859 /* MoviesViewController.swift */,
			);
			name = "View Controllers";
			sourceTree = "<group>";
		};
		04F230BF1C55E90F0046D859 = {
			isa = PBXGroup;
			children = (
				04F230CA1C55E9100046D859 /* MovieViewer */,
				04F230C91C55E9100046D859 /* Products */,
				9CAA50F3CFBA4A1CBCAAA031 /* Pods */,
				ECC5CB9E925BEC764CFE92CF /* Frameworks */,
			);
			sourceTree = "<group>";
		};
		04F230C91C55E9100046D859 /* Products */ = {
			isa = PBXGroup;
			children = (
				04F230C81C55E9100046D859 /* MovieViewer.app */,
			);
			name = Products;
			sourceTree = "<group>";
		};
		04F230CA1C55E9100046D859 /* MovieViewer */ = {
			isa = PBXGroup;
			children = (
				043680171C571260001F52B5 /* View Controllers */,
				043680141C5711CD001F52B5 /* Views */,
				04F230CB1C55E9100046D859 /* AppDelegate.swift */,
				04F230CF1C55E9100046D859 /* Main.storyboard */,
				04F230D21C55E9100046D859 /* Assets.xcassets */,
				04F230D41C55E9100046D859 /* LaunchScreen.storyboard */,
				04F230D71C55E9100046D859 /* Info.plist */,
				0411A8DB1C5A606400095F32 /* OverviewViewController.swift */,
			);
			path = MovieViewer;
			sourceTree = "<group>";
		};
		9CAA50F3CFBA4A1CBCAAA031 /* Pods */ = {
			isa = PBXGroup;
			children = (
				E5B8393707A6F4CFC256C964 /* Pods-MovieViewer.debug.xcconfig */,
				A3484C501A00491BE75E01A6 /* Pods-MovieViewer.release.xcconfig */,
			);
			name = Pods;
			sourceTree = "<group>";
		};
		ECC5CB9E925BEC764CFE92CF /* Frameworks */ = {
			isa = PBXGroup;
			children = (
				024AD25C81B01C1E310CA5BC /* Pods_MovieViewer.framework */,
			);
			name = Frameworks;
			sourceTree = "<group>";
		};
/* End PBXGroup section */

/* Begin PBXNativeTarget section */
		04F230C71C55E90F0046D859 /* MovieViewer */ = {
			isa = PBXNativeTarget;
			buildConfigurationList = 04F230DA1C55E9100046D859 /* Build configuration list for PBXNativeTarget "MovieViewer" */;
			buildPhases = (
				3731108FDA3DCCB1723919AA /* Check Pods Manifest.lock */,
				04F230C41C55E90F0046D859 /* Sources */,
				04F230C51C55E90F0046D859 /* Frameworks */,
				04F230C61C55E90F0046D859 /* Resources */,
				5399CB06314F683EAF712C28 /* Embed Pods Frameworks */,
				BC14B5A190689722FEF9387B /* Copy Pods Resources */,
			);
			buildRules = (
			);
			dependencies = (
			);
			name = MovieViewer;
			productName = MovieViewer;
			productReference = 04F230C81C55E9100046D859 /* MovieViewer.app */;
			productType = "com.apple.product-type.application";
		};
/* End PBXNativeTarget section */

/* Begin PBXProject section */
		04F230C01C55E90F0046D859 /* Project object */ = {
			isa = PBXProject;
			attributes = {
				LastSwiftUpdateCheck = 0720;
				LastUpgradeCheck = 0720;
				ORGANIZATIONNAME = santosjs;
				TargetAttributes = {
					04F230C71C55E90F0046D859 = {
						CreatedOnToolsVersion = 7.2;
						DevelopmentTeam = WW3ZCT78FS;
					};
				};
			};
			buildConfigurationList = 04F230C31C55E90F0046D859 /* Build configuration list for PBXProject "MovieViewer" */;
			compatibilityVersion = "Xcode 3.2";
			developmentRegion = English;
			hasScannedForEncodings = 0;
			knownRegions = (
				en,
				Base,
			);
			mainGroup = 04F230BF1C55E90F0046D859;
			productRefGroup = 04F230C91C55E9100046D859 /* Products */;
			projectDirPath = "";
			projectRoot = "";
			targets = (
				04F230C71C55E90F0046D859 /* MovieViewer */,
			);
		};
/* End PBXProject section */

/* Begin PBXResourcesBuildPhase section */
		04F230C61C55E90F0046D859 /* Resources */ = {
			isa = PBXResourcesBuildPhase;
			buildActionMask = 2147483647;
			files = (
				04F230D61C55E9100046D859 /* LaunchScreen.storyboard in Resources */,
				04F230D31C55E9100046D859 /* Assets.xcassets in Resources */,
				04F230D11C55E9100046D859 /* Main.storyboard in Resources */,
			);
			runOnlyForDeploymentPostprocessing = 0;
		};
/* End PBXResourcesBuildPhase section */

/* Begin PBXShellScriptBuildPhase section */
		3731108FDA3DCCB1723919AA /* Check Pods Manifest.lock */ = {
			isa = PBXShellScriptBuildPhase;
			buildActionMask = 2147483647;
			files = (
			);
			inputPaths = (
			);
			name = "Check Pods Manifest.lock";
			outputPaths = (
			);
			runOnlyForDeploymentPostprocessing = 0;
			shellPath = /bin/sh;
			shellScript = "diff \"${PODS_ROOT}/../Podfile.lock\" \"${PODS_ROOT}/Manifest.lock\" > /dev/null\nif [[ $? != 0 ]] ; then\n    cat << EOM\nerror: The sandbox is not in sync with the Podfile.lock. Run 'pod install' or update your CocoaPods installation.\nEOM\n    exit 1\nfi\n";
			showEnvVarsInLog = 0;
		};
		5399CB06314F683EAF712C28 /* Embed Pods Frameworks */ = {
			isa = PBXShellScriptBuildPhase;
			buildActionMask = 2147483647;
			files = (
			);
			inputPaths = (
			);
			name = "Embed Pods Frameworks";
			outputPaths = (
			);
			runOnlyForDeploymentPostprocessing = 0;
			shellPath = /bin/sh;
			shellScript = "\"${SRCROOT}/Pods/Target Support Files/Pods-MovieViewer/Pods-MovieViewer-frameworks.sh\"\n";
			showEnvVarsInLog = 0;
		};
		BC14B5A190689722FEF9387B /* Copy Pods Resources */ = {
			isa = PBXShellScriptBuildPhase;
			buildActionMask = 2147483647;
			files = (
			);
			inputPaths = (
			);
			name = "Copy Pods Resources";
			outputPaths = (
			);
			runOnlyForDeploymentPostprocessing = 0;
			shellPath = /bin/sh;
			shellScript = "\"${SRCROOT}/Pods/Target Support Files/Pods-MovieViewer/Pods-MovieViewer-resources.sh\"\n";
			showEnvVarsInLog = 0;
		};
/* End PBXShellScriptBuildPhase section */

/* Begin PBXSourcesBuildPhase section */
		04F230C41C55E90F0046D859 /* Sources */ = {
			isa = PBXSourcesBuildPhase;
			buildActionMask = 2147483647;
			files = (
				04F230CC1C55E9100046D859 /* AppDelegate.swift in Sources */,
				0411A8DC1C5A606400095F32 /* OverviewViewController.swift in Sources */,
				04F230DE1C55EA4D0046D859 /* MoviesViewController.swift in Sources */,
				043680161C571221001F52B5 /* MovieCell.swift in Sources */,
			);
			runOnlyForDeploymentPostprocessing = 0;
		};
/* End PBXSourcesBuildPhase section */

/* Begin PBXVariantGroup section */
		04F230CF1C55E9100046D859 /* Main.storyboard */ = {
			isa = PBXVariantGroup;
			children = (
				04F230D01C55E9100046D859 /* Base */,
			);
			name = Main.storyboard;
			sourceTree = "<group>";
		};
		04F230D41C55E9100046D859 /* LaunchScreen.storyboard */ = {
			isa = PBXVariantGroup;
			children = (
				04F230D51C55E9100046D859 /* Base */,
			);
			name = LaunchScreen.storyboard;
			sourceTree = "<group>";
		};
/* End PBXVariantGroup section */

/* Begin XCBuildConfiguration section */
		04F230D81C55E9100046D859 /* Debug */ = {
			isa = XCBuildConfiguration;
			buildSettings = {
				ALWAYS_SEARCH_USER_PATHS = NO;
				CLANG_CXX_LANGUAGE_STANDARD = "gnu++0x";
				CLANG_CXX_LIBRARY = "libc++";
				CLANG_ENABLE_MODULES = YES;
				CLANG_ENABLE_OBJC_ARC = YES;
				CLANG_WARN_BOOL_CONVERSION = YES;
				CLANG_WARN_CONSTANT_CONVERSION = YES;
				CLANG_WARN_DIRECT_OBJC_ISA_USAGE = YES_ERROR;
				CLANG_WARN_EMPTY_BODY = YES;
				CLANG_WARN_ENUM_CONVERSION = YES;
				CLANG_WARN_INT_CONVERSION = YES;
				CLANG_WARN_OBJC_ROOT_CLASS = YES_ERROR;
				CLANG_WARN_UNREACHABLE_CODE = YES;
				CLANG_WARN__DUPLICATE_METHOD_MATCH = YES;
				"CODE_SIGN_IDENTITY[sdk=iphoneos*]" = "iPhone Developer";
				COPY_PHASE_STRIP = NO;
				DEBUG_INFORMATION_FORMAT = dwarf;
				ENABLE_STRICT_OBJC_MSGSEND = YES;
				ENABLE_TESTABILITY = YES;
				GCC_C_LANGUAGE_STANDARD = gnu99;
				GCC_DYNAMIC_NO_PIC = NO;
				GCC_NO_COMMON_BLOCKS = YES;
				GCC_OPTIMIZATION_LEVEL = 0;
				GCC_PREPROCESSOR_DEFINITIONS = (
					"DEBUG=1",
					"$(inherited)",
				);
				GCC_WARN_64_TO_32_BIT_CONVERSION = YES;
				GCC_WARN_ABOUT_RETURN_TYPE = YES_ERROR;
				GCC_WARN_UNDECLARED_SELECTOR = YES;
				GCC_WARN_UNINITIALIZED_AUTOS = YES_AGGRESSIVE;
				GCC_WARN_UNUSED_FUNCTION = YES;
				GCC_WARN_UNUSED_VARIABLE = YES;
				IPHONEOS_DEPLOYMENT_TARGET = 9.2;
				MTL_ENABLE_DEBUG_INFO = YES;
				ONLY_ACTIVE_ARCH = YES;
				SDKROOT = iphoneos;
				SWIFT_OPTIMIZATION_LEVEL = "-Onone";
			};
			name = Debug;
		};
		04F230D91C55E9100046D859 /* Release */ = {
			isa = XCBuildConfiguration;
			buildSettings = {
				ALWAYS_SEARCH_USER_PATHS = NO;
				CLANG_CXX_LANGUAGE_STANDARD = "gnu++0x";
				CLANG_CXX_LIBRARY = "libc++";
				CLANG_ENABLE_MODULES = YES;
				CLANG_ENABLE_OBJC_ARC = YES;
				CLANG_WARN_BOOL_CONVERSION = YES;
				CLANG_WARN_CONSTANT_CONVERSION = YES;
				CLANG_WARN_DIRECT_OBJC_ISA_USAGE = YES_ERROR;
				CLANG_WARN_EMPTY_BODY = YES;
				CLANG_WARN_ENUM_CONVERSION = YES;
				CLANG_WARN_INT_CONVERSION = YES;
				CLANG_WARN_OBJC_ROOT_CLASS = YES_ERROR;
				CLANG_WARN_UNREACHABLE_CODE = YES;
				CLANG_WARN__DUPLICATE_METHOD_MATCH = YES;
				"CODE_SIGN_IDENTITY[sdk=iphoneos*]" = "iPhone Developer";
				COPY_PHASE_STRIP = NO;
				DEBUG_INFORMATION_FORMAT = "dwarf-with-dsym";
				ENABLE_NS_ASSERTIONS = NO;
				ENABLE_STRICT_OBJC_MSGSEND = YES;
				GCC_C_LANGUAGE_STANDARD = gnu99;
				GCC_NO_COMMON_BLOCKS = YES;
				GCC_WARN_64_TO_32_BIT_CONVERSION = YES;
				GCC_WARN_ABOUT_RETURN_TYPE = YES_ERROR;
				GCC_WARN_UNDECLARED_SELECTOR = YES;
				GCC_WARN_UNINITIALIZED_AUTOS = YES_AGGRESSIVE;
				GCC_WARN_UNUSED_FUNCTION = YES;
				GCC_WARN_UNUSED_VARIABLE = YES;
				IPHONEOS_DEPLOYMENT_TARGET = 9.2;
				MTL_ENABLE_DEBUG_INFO = NO;
				SDKROOT = iphoneos;
				VALIDATE_PRODUCT = YES;
			};
			name = Release;
		};
		04F230DB1C55E9100046D859 /* Debug */ = {
			isa = XCBuildConfiguration;
			baseConfigurationReference = E5B8393707A6F4CFC256C964 /* Pods-MovieViewer.debug.xcconfig */;
			buildSettings = {
				ASSETCATALOG_COMPILER_APPICON_NAME = AppIcon;
				INFOPLIST_FILE = MovieViewer/Info.plist;
				LD_RUNPATH_SEARCH_PATHS = "$(inherited) @executable_path/Frameworks";
				PRODUCT_BUNDLE_IDENTIFIER = com.santos.MovieViewer;
				PRODUCT_NAME = "$(TARGET_NAME)";
			};
			name = Debug;
		};
		04F230DC1C55E9100046D859 /* Release */ = {
			isa = XCBuildConfiguration;
			baseConfigurationReference = A3484C501A00491BE75E01A6 /* Pods-MovieViewer.release.xcconfig */;
			buildSettings = {
				ASSETCATALOG_COMPILER_APPICON_NAME = AppIcon;
				INFOPLIST_FILE = MovieViewer/Info.plist;
				LD_RUNPATH_SEARCH_PATHS = "$(inherited) @executable_path/Frameworks";
				PRODUCT_BUNDLE_IDENTIFIER = com.santos.MovieViewer;
				PRODUCT_NAME = "$(TARGET_NAME)";
			};
			name = Release;
		};
/* End XCBuildConfiguration section */

/* Begin XCConfigurationList section */
		04F230C31C55E90F0046D859 /* Build configuration list for PBXProject "MovieViewer" */ = {
			isa = XCConfigurationList;
			buildConfigurations = (
				04F230D81C55E9100046D859 /* Debug */,
				04F230D91C55E9100046D859 /* Release */,
			);
			defaultConfigurationIsVisible = 0;
			defaultConfigurationName = Release;
		};
		04F230DA1C55E9100046D859 /* Build configuration list for PBXNativeTarget "MovieViewer" */ = {
			isa = XCConfigurationList;
			buildConfigurations = (
				04F230DB1C55E9100046D859 /* Debug */,
				04F230DC1C55E9100046D859 /* Release */,
			);
			defaultConfigurationIsVisible = 0;
			defaultConfigurationName = Release;
		};
/* End XCConfigurationList section */
	};
	rootObject = 04F230C01C55E90F0046D859 /* Project object */;
}
